// !$*UTF8*$!
{
	archiveVersion = 1;
	classes = {
	};
	objectVersion = 50;
	objects = {

/* Begin PBXBuildFile section */
		2F15AB742420BC870069135A /* AppDelegate.swift in Sources */ = {isa = PBXBuildFile; fileRef = 2F15AB732420BC870069135A /* AppDelegate.swift */; };
		2F15AB762420BC870069135A /* SceneDelegate.swift in Sources */ = {isa = PBXBuildFile; fileRef = 2F15AB752420BC870069135A /* SceneDelegate.swift */; };
		2F15AB782420BC870069135A /* ContentView.swift in Sources */ = {isa = PBXBuildFile; fileRef = 2F15AB772420BC870069135A /* ContentView.swift */; };
		2F15AB7A2420BC880069135A /* Assets.xcassets in Resources */ = {isa = PBXBuildFile; fileRef = 2F15AB792420BC880069135A /* Assets.xcassets */; };
		2F15AB7D2420BC880069135A /* Preview Assets.xcassets in Resources */ = {isa = PBXBuildFile; fileRef = 2F15AB7C2420BC880069135A /* Preview Assets.xcassets */; };
		2F15AB802420BC880069135A /* LaunchScreen.storyboard in Resources */ = {isa = PBXBuildFile; fileRef = 2F15AB7E2420BC880069135A /* LaunchScreen.storyboard */; };
		2F15AB8B2420BC880069135A /* SwiftUICalendarTests.swift in Sources */ = {isa = PBXBuildFile; fileRef = 2F15AB8A2420BC880069135A /* SwiftUICalendarTests.swift */; };
		2F15AB962420BC880069135A /* SwiftUICalendarUITests.swift in Sources */ = {isa = PBXBuildFile; fileRef = 2F15AB952420BC880069135A /* SwiftUICalendarUITests.swift */; };
		2F15ABA62420BCA10069135A /* CalendarView.swift in Sources */ = {isa = PBXBuildFile; fileRef = 2F15ABA32420BCA10069135A /* CalendarView.swift */; };
		2F15ABA72420BCA10069135A /* CalendarToolBar.swift in Sources */ = {isa = PBXBuildFile; fileRef = 2F15ABA42420BCA10069135A /* CalendarToolBar.swift */; };
		2F15ABA82420BCA10069135A /* PendantView.swift in Sources */ = {isa = PBXBuildFile; fileRef = 2F15ABA52420BCA10069135A /* PendantView.swift */; };
		2F15ABAA2420BD2E0069135A /* CalendarWeekBar.swift in Sources */ = {isa = PBXBuildFile; fileRef = 2F15ABA92420BD2E0069135A /* CalendarWeekBar.swift */; };
		2F15ABAE2420C73E0069135A /* CalendarCell.swift in Sources */ = {isa = PBXBuildFile; fileRef = 2F15ABAD2420C73E0069135A /* CalendarCell.swift */; };
		2F15ABB02420CAF10069135A /* CalendarDateCollectionView.swift in Sources */ = {isa = PBXBuildFile; fileRef = 2F15ABAF2420CAF10069135A /* CalendarDateCollectionView.swift */; };
/* End PBXBuildFile section */

/* Begin PBXContainerItemProxy section */
		2F15AB872420BC880069135A /* PBXContainerItemProxy */ = {
			isa = PBXContainerItemProxy;
			containerPortal = 2F15AB682420BC870069135A /* Project object */;
			proxyType = 1;
			remoteGlobalIDString = 2F15AB6F2420BC870069135A;
			remoteInfo = SwiftUICalendar;
		};
		2F15AB922420BC880069135A /* PBXContainerItemProxy */ = {
			isa = PBXContainerItemProxy;
			containerPortal = 2F15AB682420BC870069135A /* Project object */;
			proxyType = 1;
			remoteGlobalIDString = 2F15AB6F2420BC870069135A;
			remoteInfo = SwiftUICalendar;
		};
/* End PBXContainerItemProxy section */

/* Begin PBXFileReference section */
		2F15AB702420BC870069135A /* SwiftUICalendar.app */ = {isa = PBXFileReference; explicitFileType = wrapper.application; includeInIndex = 0; path = SwiftUICalendar.app; sourceTree = BUILT_PRODUCTS_DIR; };
		2F15AB732420BC870069135A /* AppDelegate.swift */ = {isa = PBXFileReference; lastKnownFileType = sourcecode.swift; path = AppDelegate.swift; sourceTree = "<group>"; };
		2F15AB752420BC870069135A /* SceneDelegate.swift */ = {isa = PBXFileReference; lastKnownFileType = sourcecode.swift; path = SceneDelegate.swift; sourceTree = "<group>"; };
		2F15AB772420BC870069135A /* ContentView.swift */ = {isa = PBXFileReference; lastKnownFileType = sourcecode.swift; path = ContentView.swift; sourceTree = "<group>"; };
		2F15AB792420BC880069135A /* Assets.xcassets */ = {isa = PBXFileReference; lastKnownFileType = folder.assetcatalog; path = Assets.xcassets; sourceTree = "<group>"; };
		2F15AB7C2420BC880069135A /* Preview Assets.xcassets */ = {isa = PBXFileReference; lastKnownFileType = folder.assetcatalog; path = "Preview Assets.xcassets"; sourceTree = "<group>"; };
		2F15AB7F2420BC880069135A /* Base */ = {isa = PBXFileReference; lastKnownFileType = file.storyboard; name = Base; path = Base.lproj/LaunchScreen.storyboard; sourceTree = "<group>"; };
		2F15AB812420BC880069135A /* Info.plist */ = {isa = PBXFileReference; lastKnownFileType = text.plist.xml; path = Info.plist; sourceTree = "<group>"; };
		2F15AB862420BC880069135A /* SwiftUICalendarTests.xctest */ = {isa = PBXFileReference; explicitFileType = wrapper.cfbundle; includeInIndex = 0; path = SwiftUICalendarTests.xctest; sourceTree = BUILT_PRODUCTS_DIR; };
		2F15AB8A2420BC880069135A /* SwiftUICalendarTests.swift */ = {isa = PBXFileReference; lastKnownFileType = sourcecode.swift; path = SwiftUICalendarTests.swift; sourceTree = "<group>"; };
		2F15AB8C2420BC880069135A /* Info.plist */ = {isa = PBXFileReference; lastKnownFileType = text.plist.xml; path = Info.plist; sourceTree = "<group>"; };
		2F15AB912420BC880069135A /* SwiftUICalendarUITests.xctest */ = {isa = PBXFileReference; explicitFileType = wrapper.cfbundle; includeInIndex = 0; path = SwiftUICalendarUITests.xctest; sourceTree = BUILT_PRODUCTS_DIR; };
		2F15AB952420BC880069135A /* SwiftUICalendarUITests.swift */ = {isa = PBXFileReference; lastKnownFileType = sourcecode.swift; path = SwiftUICalendarUITests.swift; sourceTree = "<group>"; };
		2F15AB972420BC880069135A /* Info.plist */ = {isa = PBXFileReference; lastKnownFileType = text.plist.xml; path = Info.plist; sourceTree = "<group>"; };
		2F15ABA32420BCA10069135A /* CalendarView.swift */ = {isa = PBXFileReference; fileEncoding = 4; lastKnownFileType = sourcecode.swift; path = CalendarView.swift; sourceTree = "<group>"; };
		2F15ABA42420BCA10069135A /* CalendarToolBar.swift */ = {isa = PBXFileReference; fileEncoding = 4; lastKnownFileType = sourcecode.swift; path = CalendarToolBar.swift; sourceTree = "<group>"; };
		2F15ABA52420BCA10069135A /* PendantView.swift */ = {isa = PBXFileReference; fileEncoding = 4; lastKnownFileType = sourcecode.swift; path = PendantView.swift; sourceTree = "<group>"; };
		2F15ABA92420BD2E0069135A /* CalendarWeekBar.swift */ = {isa = PBXFileReference; lastKnownFileType = sourcecode.swift; path = CalendarWeekBar.swift; sourceTree = "<group>"; };
		2F15ABAD2420C73E0069135A /* CalendarCell.swift */ = {isa = PBXFileReference; lastKnownFileType = sourcecode.swift; path = CalendarCell.swift; sourceTree = "<group>"; };
		2F15ABAF2420CAF10069135A /* CalendarDateCollectionView.swift */ = {isa = PBXFileReference; lastKnownFileType = sourcecode.swift; path = CalendarDateCollectionView.swift; sourceTree = "<group>"; };
/* End PBXFileReference section */

/* Begin PBXFrameworksBuildPhase section */
		2F15AB6D2420BC870069135A /* Frameworks */ = {
			isa = PBXFrameworksBuildPhase;
			buildActionMask = 2147483647;
			files = (
			);
			runOnlyForDeploymentPostprocessing = 0;
		};
		2F15AB832420BC880069135A /* Frameworks */ = {
			isa = PBXFrameworksBuildPhase;
			buildActionMask = 2147483647;
			files = (
			);
			runOnlyForDeploymentPostprocessing = 0;
		};
		2F15AB8E2420BC880069135A /* Frameworks */ = {
			isa = PBXFrameworksBuildPhase;
			buildActionMask = 2147483647;
			files = (
			);
			runOnlyForDeploymentPostprocessing = 0;
		};
/* End PBXFrameworksBuildPhase section */

/* Begin PBXGroup section */
		2F15AB672420BC870069135A = {
			isa = PBXGroup;
			children = (
				2F15AB722420BC870069135A /* SwiftUICalendar */,
				2F15AB892420BC880069135A /* SwiftUICalendarTests */,
				2F15AB942420BC880069135A /* SwiftUICalendarUITests */,
				2F15AB712420BC870069135A /* Products */,
			);
			sourceTree = "<group>";
		};
		2F15AB712420BC870069135A /* Products */ = {
			isa = PBXGroup;
			children = (
				2F15AB702420BC870069135A /* SwiftUICalendar.app */,
				2F15AB862420BC880069135A /* SwiftUICalendarTests.xctest */,
				2F15AB912420BC880069135A /* SwiftUICalendarUITests.xctest */,
			);
			name = Products;
			sourceTree = "<group>";
		};
		2F15AB722420BC870069135A /* SwiftUICalendar */ = {
			isa = PBXGroup;
			children = (
				2F15AB732420BC870069135A /* AppDelegate.swift */,
				2F15AB752420BC870069135A /* SceneDelegate.swift */,
				2F15AB772420BC870069135A /* ContentView.swift */,
				2F15ABA52420BCA10069135A /* PendantView.swift */,
				2F15ABA42420BCA10069135A /* CalendarToolBar.swift */,
				2F15ABA92420BD2E0069135A /* CalendarWeekBar.swift */,
				2F15ABAD2420C73E0069135A /* CalendarCell.swift */,
				2F15ABAF2420CAF10069135A /* CalendarDateCollectionView.swift */,
				2F15ABA32420BCA10069135A /* CalendarView.swift */,
				2F15AB792420BC880069135A /* Assets.xcassets */,
				2F15AB7E2420BC880069135A /* LaunchScreen.storyboard */,
				2F15AB812420BC880069135A /* Info.plist */,
				2F15AB7B2420BC880069135A /* Preview Content */,
			);
			path = SwiftUICalendar;
			sourceTree = "<group>";
		};
		2F15AB7B2420BC880069135A /* Preview Content */ = {
			isa = PBXGroup;
			children = (
				2F15AB7C2420BC880069135A /* Preview Assets.xcassets */,
			);
			path = "Preview Content";
			sourceTree = "<group>";
		};
		2F15AB892420BC880069135A /* SwiftUICalendarTests */ = {
			isa = PBXGroup;
			children = (
				2F15AB8A2420BC880069135A /* SwiftUICalendarTests.swift */,
				2F15AB8C2420BC880069135A /* Info.plist */,
			);
			path = SwiftUICalendarTests;
			sourceTree = "<group>";
		};
		2F15AB942420BC880069135A /* SwiftUICalendarUITests */ = {
			isa = PBXGroup;
			children = (
				2F15AB952420BC880069135A /* SwiftUICalendarUITests.swift */,
				2F15AB972420BC880069135A /* Info.plist */,
			);
			path = SwiftUICalendarUITests;
			sourceTree = "<group>";
		};
/* End PBXGroup section */

/* Begin PBXNativeTarget section */
		2F15AB6F2420BC870069135A /* SwiftUICalendar */ = {
			isa = PBXNativeTarget;
			buildConfigurationList = 2F15AB9A2420BC880069135A /* Build configuration list for PBXNativeTarget "SwiftUICalendar" */;
			buildPhases = (
				2F15AB6C2420BC870069135A /* Sources */,
				2F15AB6D2420BC870069135A /* Frameworks */,
				2F15AB6E2420BC870069135A /* Resources */,
			);
			buildRules = (
			);
			dependencies = (
			);
			name = SwiftUICalendar;
			productName = SwiftUICalendar;
			productReference = 2F15AB702420BC870069135A /* SwiftUICalendar.app */;
			productType = "com.apple.product-type.application";
		};
		2F15AB852420BC880069135A /* SwiftUICalendarTests */ = {
			isa = PBXNativeTarget;
			buildConfigurationList = 2F15AB9D2420BC880069135A /* Build configuration list for PBXNativeTarget "SwiftUICalendarTests" */;
			buildPhases = (
				2F15AB822420BC880069135A /* Sources */,
				2F15AB832420BC880069135A /* Frameworks */,
				2F15AB842420BC880069135A /* Resources */,
			);
			buildRules = (
			);
			dependencies = (
				2F15AB882420BC880069135A /* PBXTargetDependency */,
			);
			name = SwiftUICalendarTests;
			productName = SwiftUICalendarTests;
			productReference = 2F15AB862420BC880069135A /* SwiftUICalendarTests.xctest */;
			productType = "com.apple.product-type.bundle.unit-test";
		};
		2F15AB902420BC880069135A /* SwiftUICalendarUITests */ = {
			isa = PBXNativeTarget;
			buildConfigurationList = 2F15ABA02420BC880069135A /* Build configuration list for PBXNativeTarget "SwiftUICalendarUITests" */;
			buildPhases = (
				2F15AB8D2420BC880069135A /* Sources */,
				2F15AB8E2420BC880069135A /* Frameworks */,
				2F15AB8F2420BC880069135A /* Resources */,
			);
			buildRules = (
			);
			dependencies = (
				2F15AB932420BC880069135A /* PBXTargetDependency */,
			);
			name = SwiftUICalendarUITests;
			productName = SwiftUICalendarUITests;
			productReference = 2F15AB912420BC880069135A /* SwiftUICalendarUITests.xctest */;
			productType = "com.apple.product-type.bundle.ui-testing";
		};
/* End PBXNativeTarget section */

/* Begin PBXProject section */
		2F15AB682420BC870069135A /* Project object */ = {
			isa = PBXProject;
			attributes = {
				LastSwiftUpdateCheck = 1120;
				LastUpgradeCheck = 1120;
				ORGANIZATIONNAME = "iOS Developer";
				TargetAttributes = {
					2F15AB6F2420BC870069135A = {
						CreatedOnToolsVersion = 11.2.1;
					};
					2F15AB852420BC880069135A = {
						CreatedOnToolsVersion = 11.2.1;
						TestTargetID = 2F15AB6F2420BC870069135A;
					};
					2F15AB902420BC880069135A = {
						CreatedOnToolsVersion = 11.2.1;
						TestTargetID = 2F15AB6F2420BC870069135A;
					};
				};
			};
			buildConfigurationList = 2F15AB6B2420BC870069135A /* Build configuration list for PBXProject "SwiftUICalendar" */;
			compatibilityVersion = "Xcode 9.3";
			developmentRegion = en;
			hasScannedForEncodings = 0;
			knownRegions = (
				en,
				Base,
			);
			mainGroup = 2F15AB672420BC870069135A;
			productRefGroup = 2F15AB712420BC870069135A /* Products */;
			projectDirPath = "";
			projectRoot = "";
			targets = (
				2F15AB6F2420BC870069135A /* SwiftUICalendar */,
				2F15AB852420BC880069135A /* SwiftUICalendarTests */,
				2F15AB902420BC880069135A /* SwiftUICalendarUITests */,
			);
		};
/* End PBXProject section */

/* Begin PBXResourcesBuildPhase section */
		2F15AB6E2420BC870069135A /* Resources */ = {
			isa = PBXResourcesBuildPhase;
			buildActionMask = 2147483647;
			files = (
				2F15AB802420BC880069135A /* LaunchScreen.storyboard in Resources */,
				2F15AB7D2420BC880069135A /* Preview Assets.xcassets in Resources */,
				2F15AB7A2420BC880069135A /* Assets.xcassets in Resources */,
			);
			runOnlyForDeploymentPostprocessing = 0;
		};
		2F15AB842420BC880069135A /* Resources */ = {
			isa = PBXResourcesBuildPhase;
			buildActionMask = 2147483647;
			files = (
			);
			runOnlyForDeploymentPostprocessing = 0;
		};
		2F15AB8F2420BC880069135A /* Resources */ = {
			isa = PBXResourcesBuildPhase;
			buildActionMask = 2147483647;
			files = (
			);
			runOnlyForDeploymentPostprocessing = 0;
		};
/* End PBXResourcesBuildPhase section */

/* Begin PBXSourcesBuildPhase section */
		2F15AB6C2420BC870069135A /* Sources */ = {
			isa = PBXSourcesBuildPhase;
			buildActionMask = 2147483647;
			files = (
				2F15ABB02420CAF10069135A /* CalendarDateCollectionView.swift in Sources */,
				2F15AB742420BC870069135A /* AppDelegate.swift in Sources */,
				2F15AB762420BC870069135A /* SceneDelegate.swift in Sources */,
				2F15ABA72420BCA10069135A /* CalendarToolBar.swift in Sources */,
				2F15ABA82420BCA10069135A /* PendantView.swift in Sources */,
				2F15ABAE2420C73E0069135A /* CalendarCell.swift in Sources */,
				2F15ABA62420BCA10069135A /* CalendarView.swift in Sources */,
				2F15ABAA2420BD2E0069135A /* CalendarWeekBar.swift in Sources */,
				2F15AB782420BC870069135A /* ContentView.swift in Sources */,
			);
			runOnlyForDeploymentPostprocessing = 0;
		};
		2F15AB822420BC880069135A /* Sources */ = {
			isa = PBXSourcesBuildPhase;
			buildActionMask = 2147483647;
			files = (
				2F15AB8B2420BC880069135A /* SwiftUICalendarTests.swift in Sources */,
			);
			runOnlyForDeploymentPostprocessing = 0;
		};
		2F15AB8D2420BC880069135A /* Sources */ = {
			isa = PBXSourcesBuildPhase;
			buildActionMask = 2147483647;
			files = (
				2F15AB962420BC880069135A /* SwiftUICalendarUITests.swift in Sources */,
			);
			runOnlyForDeploymentPostprocessing = 0;
		};
/* End PBXSourcesBuildPhase section */

/* Begin PBXTargetDependency section */
		2F15AB882420BC880069135A /* PBXTargetDependency */ = {
			isa = PBXTargetDependency;
			target = 2F15AB6F2420BC870069135A /* SwiftUICalendar */;
			targetProxy = 2F15AB872420BC880069135A /* PBXContainerItemProxy */;
		};
		2F15AB932420BC880069135A /* PBXTargetDependency */ = {
			isa = PBXTargetDependency;
			target = 2F15AB6F2420BC870069135A /* SwiftUICalendar */;
			targetProxy = 2F15AB922420BC880069135A /* PBXContainerItemProxy */;
		};
/* End PBXTargetDependency section */

/* Begin PBXVariantGroup section */
		2F15AB7E2420BC880069135A /* LaunchScreen.storyboard */ = {
			isa = PBXVariantGroup;
			children = (
				2F15AB7F2420BC880069135A /* Base */,
			);
			name = LaunchScreen.storyboard;
			sourceTree = "<group>";
		};
/* End PBXVariantGroup section */

/* Begin XCBuildConfiguration section */
		2F15AB982420BC880069135A /* Debug */ = {
			isa = XCBuildConfiguration;
			buildSettings = {
				ALWAYS_SEARCH_USER_PATHS = NO;
				CLANG_ANALYZER_NONNULL = YES;
				CLANG_ANALYZER_NUMBER_OBJECT_CONVERSION = YES_AGGRESSIVE;
				CLANG_CXX_LANGUAGE_STANDARD = "gnu++14";
				CLANG_CXX_LIBRARY = "libc++";
				CLANG_ENABLE_MODULES = YES;
				CLANG_ENABLE_OBJC_ARC = YES;
				CLANG_ENABLE_OBJC_WEAK = YES;
				CLANG_WARN_BLOCK_CAPTURE_AUTORELEASING = YES;
				CLANG_WARN_BOOL_CONVERSION = YES;
				CLANG_WARN_COMMA = YES;
				CLANG_WARN_CONSTANT_CONVERSION = YES;
				CLANG_WARN_DEPRECATED_OBJC_IMPLEMENTATIONS = YES;
				CLANG_WARN_DIRECT_OBJC_ISA_USAGE = YES_ERROR;
				CLANG_WARN_DOCUMENTATION_COMMENTS = YES;
				CLANG_WARN_EMPTY_BODY = YES;
				CLANG_WARN_ENUM_CONVERSION = YES;
				CLANG_WARN_INFINITE_RECURSION = YES;
				CLANG_WARN_INT_CONVERSION = YES;
				CLANG_WARN_NON_LITERAL_NULL_CONVERSION = YES;
				CLANG_WARN_OBJC_IMPLICIT_RETAIN_SELF = YES;
				CLANG_WARN_OBJC_LITERAL_CONVERSION = YES;
				CLANG_WARN_OBJC_ROOT_CLASS = YES_ERROR;
				CLANG_WARN_RANGE_LOOP_ANALYSIS = YES;
				CLANG_WARN_STRICT_PROTOTYPES = YES;
				CLANG_WARN_SUSPICIOUS_MOVE = YES;
				CLANG_WARN_UNGUARDED_AVAILABILITY = YES_AGGRESSIVE;
				CLANG_WARN_UNREACHABLE_CODE = YES;
				CLANG_WARN__DUPLICATE_METHOD_MATCH = YES;
				COPY_PHASE_STRIP = NO;
				DEBUG_INFORMATION_FORMAT = dwarf;
				ENABLE_STRICT_OBJC_MSGSEND = YES;
				ENABLE_TESTABILITY = YES;
				GCC_C_LANGUAGE_STANDARD = gnu11;
				GCC_DYNAMIC_NO_PIC = NO;
				GCC_NO_COMMON_BLOCKS = YES;
				GCC_OPTIMIZATION_LEVEL = 0;
				GCC_PREPROCESSOR_DEFINITIONS = (
					"DEBUG=1",
					"$(inherited)",
				);
				GCC_WARN_64_TO_32_BIT_CONVERSION = YES;
				GCC_WARN_ABOUT_RETURN_TYPE = YES_ERROR;
				GCC_WARN_UNDECLARED_SELECTOR = YES;
				GCC_WARN_UNINITIALIZED_AUTOS = YES_AGGRESSIVE;
				GCC_WARN_UNUSED_FUNCTION = YES;
				GCC_WARN_UNUSED_VARIABLE = YES;
				IPHONEOS_DEPLOYMENT_TARGET = 13.2;
				MTL_ENABLE_DEBUG_INFO = INCLUDE_SOURCE;
				MTL_FAST_MATH = YES;
				ONLY_ACTIVE_ARCH = YES;
				SDKROOT = iphoneos;
				SWIFT_ACTIVE_COMPILATION_CONDITIONS = DEBUG;
				SWIFT_OPTIMIZATION_LEVEL = "-Onone";
			};
			name = Debug;
		};
		2F15AB992420BC880069135A /* Release */ = {
			isa = XCBuildConfiguration;
			buildSettings = {
				ALWAYS_SEARCH_USER_PATHS = NO;
				CLANG_ANALYZER_NONNULL = YES;
				CLANG_ANALYZER_NUMBER_OBJECT_CONVERSION = YES_AGGRESSIVE;
				CLANG_CXX_LANGUAGE_STANDARD = "gnu++14";
				CLANG_CXX_LIBRARY = "libc++";
				CLANG_ENABLE_MODULES = YES;
				CLANG_ENABLE_OBJC_ARC = YES;
				CLANG_ENABLE_OBJC_WEAK = YES;
				CLANG_WARN_BLOCK_CAPTURE_AUTORELEASING = YES;
				CLANG_WARN_BOOL_CONVERSION = YES;
				CLANG_WARN_COMMA = YES;
				CLANG_WARN_CONSTANT_CONVERSION = YES;
				CLANG_WARN_DEPRECATED_OBJC_IMPLEMENTATIONS = YES;
				CLANG_WARN_DIRECT_OBJC_ISA_USAGE = YES_ERROR;
				CLANG_WARN_DOCUMENTATION_COMMENTS = YES;
				CLANG_WARN_EMPTY_BODY = YES;
				CLANG_WARN_ENUM_CONVERSION = YES;
				CLANG_WARN_INFINITE_RECURSION = YES;
				CLANG_WARN_INT_CONVERSION = YES;
				CLANG_WARN_NON_LITERAL_NULL_CONVERSION = YES;
				CLANG_WARN_OBJC_IMPLICIT_RETAIN_SELF = YES;
				CLANG_WARN_OBJC_LITERAL_CONVERSION = YES;
				CLANG_WARN_OBJC_ROOT_CLASS = YES_ERROR;
				CLANG_WARN_RANGE_LOOP_ANALYSIS = YES;
				CLANG_WARN_STRICT_PROTOTYPES = YES;
				CLANG_WARN_SUSPICIOUS_MOVE = YES;
				CLANG_WARN_UNGUARDED_AVAILABILITY = YES_AGGRESSIVE;
				CLANG_WARN_UNREACHABLE_CODE = YES;
				CLANG_WARN__DUPLICATE_METHOD_MATCH = YES;
				COPY_PHASE_STRIP = NO;
				DEBUG_INFORMATION_FORMAT = "dwarf-with-dsym";
				ENABLE_NS_ASSERTIONS = NO;
				ENABLE_STRICT_OBJC_MSGSEND = YES;
				GCC_C_LANGUAGE_STANDARD = gnu11;
				GCC_NO_COMMON_BLOCKS = YES;
				GCC_WARN_64_TO_32_BIT_CONVERSION = YES;
				GCC_WARN_ABOUT_RETURN_TYPE = YES_ERROR;
				GCC_WARN_UNDECLARED_SELECTOR = YES;
				GCC_WARN_UNINITIALIZED_AUTOS = YES_AGGRESSIVE;
				GCC_WARN_UNUSED_FUNCTION = YES;
				GCC_WARN_UNUSED_VARIABLE = YES;
				IPHONEOS_DEPLOYMENT_TARGET = 13.2;
				MTL_ENABLE_DEBUG_INFO = NO;
				MTL_FAST_MATH = YES;
				SDKROOT = iphoneos;
				SWIFT_COMPILATION_MODE = wholemodule;
				SWIFT_OPTIMIZATION_LEVEL = "-O";
				VALIDATE_PRODUCT = YES;
			};
			name = Release;
		};
		2F15AB9B2420BC880069135A /* Debug */ = {
			isa = XCBuildConfiguration;
			buildSettings = {
				ASSETCATALOG_COMPILER_APPICON_NAME = AppIcon;
				CODE_SIGN_STYLE = Automatic;
				DEVELOPMENT_ASSET_PATHS = "\"SwiftUICalendar/Preview Content\"";
				DEVELOPMENT_TEAM = 2X35A5C84A;
				ENABLE_PREVIEWS = YES;
				INFOPLIST_FILE = SwiftUICalendar/Info.plist;
				IPHONEOS_DEPLOYMENT_TARGET = 13.0;
				LD_RUNPATH_SEARCH_PATHS = (
					"$(inherited)",
					"@executable_path/Frameworks",
				);
				PRODUCT_BUNDLE_IDENTIFIER = com.YZY.SwiftUICalendar;
				PRODUCT_NAME = "$(TARGET_NAME)";
				SWIFT_VERSION = 5.0;
				TARGETED_DEVICE_FAMILY = "1,2";
			};
			name = Debug;
		};
		2F15AB9C2420BC880069135A /* Release */ = {
			isa = XCBuildConfiguration;
			buildSettings = {
				ASSETCATALOG_COMPILER_APPICON_NAME = AppIcon;
				CODE_SIGN_STYLE = Automatic;
				DEVELOPMENT_ASSET_PATHS = "\"SwiftUICalendar/Preview Content\"";
				DEVELOPMENT_TEAM = 2X35A5C84A;
				ENABLE_PREVIEWS = YES;
				INFOPLIST_FILE = SwiftUICalendar/Info.plist;
				IPHONEOS_DEPLOYMENT_TARGET = 13.0;
				LD_RUNPATH_SEARCH_PATHS = (
					"$(inherited)",
					"@executable_path/Frameworks",
				);
				PRODUCT_BUNDLE_IDENTIFIER = com.YZY.SwiftUICalendar;
				PRODUCT_NAME = "$(TARGET_NAME)";
				SWIFT_VERSION = 5.0;
				TARGETED_DEVICE_FAMILY = "1,2";
			};
			name = Release;
		};
		2F15AB9E2420BC880069135A /* Debug */ = {
			isa = XCBuildConfiguration;
			buildSettings = {
				ALWAYS_EMBED_SWIFT_STANDARD_LIBRARIES = YES;
				BUNDLE_LOADER = "$(TEST_HOST)";
				CODE_SIGN_STYLE = Automatic;
				DEVELOPMENT_TEAM = 2X35A5C84A;
				INFOPLIST_FILE = SwiftUICalendarTests/Info.plist;
				IPHONEOS_DEPLOYMENT_TARGET = 13.2;
				LD_RUNPATH_SEARCH_PATHS = (
					"$(inherited)",
					"@executable_path/Frameworks",
					"@loader_path/Frameworks",
				);
				PRODUCT_BUNDLE_IDENTIFIER = com.YZY.SwiftUICalendarTests;
				PRODUCT_NAME = "$(TARGET_NAME)";
				SWIFT_VERSION = 5.0;
				TARGETED_DEVICE_FAMILY = "1,2";
				TEST_HOST = "$(BUILT_PRODUCTS_DIR)/SwiftUICalendar.app/SwiftUICalendar";
			};
			name = Debug;
		};
		2F15AB9F2420BC880069135A /* Release */ = {
			isa = XCBuildConfiguration;
			buildSettings = {
				ALWAYS_EMBED_SWIFT_STANDARD_LIBRARIES = YES;
				BUNDLE_LOADER = "$(TEST_HOST)";
				CODE_SIGN_STYLE = Automatic;
				DEVELOPMENT_TEAM = 2X35A5C84A;
				INFOPLIST_FILE = SwiftUICalendarTests/Info.plist;
				IPHONEOS_DEPLOYMENT_TARGET = 13.2;
				LD_RUNPATH_SEARCH_PATHS = (
					"$(inherited)",
					"@executable_path/Frameworks",
					"@loader_path/Frameworks",
				);
				PRODUCT_BUNDLE_IDENTIFIER = com.YZY.SwiftUICalendarTests;
				PRODUCT_NAME = "$(TARGET_NAME)";
				SWIFT_VERSION = 5.0;
				TARGETED_DEVICE_FAMILY = "1,2";
				TEST_HOST = "$(BUILT_PRODUCTS_DIR)/SwiftUICalendar.app/SwiftUICalendar";
			};
			name = Release;
		};
		2F15ABA12420BC880069135A /* Debug */ = {
			isa = XCBuildConfiguration;
			buildSettings = {
				ALWAYS_EMBED_SWIFT_STANDARD_LIBRARIES = YES;
				CODE_SIGN_STYLE = Automatic;
				DEVELOPMENT_TEAM = 2X35A5C84A;
				INFOPLIST_FILE = SwiftUICalendarUITests/Info.plist;
				LD_RUNPATH_SEARCH_PATHS = (
					"$(inherited)",
					"@executable_path/Frameworks",
					"@loader_path/Frameworks",
				);
				PRODUCT_BUNDLE_IDENTIFIER = com.YZY.SwiftUICalendarUITests;
				PRODUCT_NAME = "$(TARGET_NAME)";
				SWIFT_VERSION = 5.0;
				TARGETED_DEVICE_FAMILY = "1,2";
				TEST_TARGET_NAME = SwiftUICalendar;
			};
			name = Debug;
		};
		2F15ABA22420BC880069135A /* Release */ = {
			isa = XCBuildConfiguration;
			buildSettings = {
				ALWAYS_EMBED_SWIFT_STANDARD_LIBRARIES = YES;
				CODE_SIGN_STYLE = Automatic;
				DEVELOPMENT_TEAM = 2X35A5C84A;
				INFOPLIST_FILE = SwiftUICalendarUITests/Info.plist;
				LD_RUNPATH_SEARCH_PATHS = (
					"$(inherited)",
					"@executable_path/Frameworks",
					"@loader_path/Frameworks",
				);
				PRODUCT_BUNDLE_IDENTIFIER = com.YZY.SwiftUICalendarUITests;
				PRODUCT_NAME = "$(TARGET_NAME)";
				SWIFT_VERSION = 5.0;
				TARGETED_DEVICE_FAMILY = "1,2";
				TEST_TARGET_NAME = SwiftUICalendar;
			};
			name = Release;
		};
/* End XCBuildConfiguration section */

/* Begin XCConfigurationList section */
		2F15AB6B2420BC870069135A /* Build configuration list for PBXProject "SwiftUICalendar" */ = {
			isa = XCConfigurationList;
			buildConfigurations = (
				2F15AB982420BC880069135A /* Debug */,
				2F15AB992420BC880069135A /* Release */,
			);
			defaultConfigurationIsVisible = 0;
			defaultConfigurationName = Release;
		};
		2F15AB9A2420BC880069135A /* Build configuration list for PBXNativeTarget "SwiftUICalendar" */ = {
			isa = XCConfigurationList;
			buildConfigurations = (
				2F15AB9B2420BC880069135A /* Debug */,
				2F15AB9C2420BC880069135A /* Release */,
			);
			defaultConfigurationIsVisible = 0;
			defaultConfigurationName = Release;
		};
		2F15AB9D2420BC880069135A /* Build configuration list for PBXNativeTarget "SwiftUICalendarTests" */ = {
			isa = XCConfigurationList;
			buildConfigurations = (
				2F15AB9E2420BC880069135A /* Debug */,
				2F15AB9F2420BC880069135A /* Release */,
			);
			defaultConfigurationIsVisible = 0;
			defaultConfigurationName = Release;
		};
		2F15ABA02420BC880069135A /* Build configuration list for PBXNativeTarget "SwiftUICalendarUITests" */ = {
			isa = XCConfigurationList;
			buildConfigurations = (
				2F15ABA12420BC880069135A /* Debug */,
				2F15ABA22420BC880069135A /* Release */,
			);
			defaultConfigurationIsVisible = 0;
			defaultConfigurationName = Release;
		};
/* End XCConfigurationList section */
	};
	rootObject = 2F15AB682420BC870069135A /* Project object */;
}
